
Microsoft Visual Studio Solution File, Format Version 12.00
Project("{FAE04EC0-301F-11D3-BF4B-00C04F79EFBC}") = "Proto.KvDb.API", "src\Proto.KvDb.API\Proto.KvDb.API.csproj", "{D354145C-4A14-4A97-807B-25BC10576B6A}"
EndProject
Project("{FAE04EC0-301F-11D3-BF4B-00C04F79EFBC}") = "Proto.KvDb.PubSub", "src\Proto.KvDb.PubSub\Proto.KvDb.PubSub.csproj", "{2FCF8AA1-098F-46EC-B8AA-0D3419D05C59}"
EndProject
Project("{FAE04EC0-301F-11D3-BF4B-00C04F79EFBC}") = "Proto.KvDb.gRPC.Protos", "src\Proto.KvDb.gRPC.Protos\Proto.KvDb.gRPC.Protos.csproj", "{433709A8-ECF1-45B2-8268-B4F80A90347F}"
EndProject
Project("{FAE04EC0-301F-11D3-BF4B-00C04F79EFBC}") = "Proto.KvDb.Grains", "src\Proto.KvDb.Grains\Proto.KvDb.Grains.csproj", "{FD3279F6-A033-4760-BB4F-8B8CCC31061E}"
EndProject
Project("{FAE04EC0-301F-11D3-BF4B-00C04F79EFBC}") = "Proto.KvDb.Tests", "Proto.KvDb.Tests\Proto.KvDb.Tests.csproj", "{A57A3694-FCEA-47C4-885F-F82587CE637E}"
EndProject
Project("{FAE04EC0-301F-11D3-BF4B-00C04F79EFBC}") = "Proto.KvDb.Domain", "src\Proto.KvDb.Domain\Proto.KvDb.Domain.csproj", "{F9E1855D-7180-4690-AE44-12E30492F740}"
EndProject
Global
	GlobalSection(SolutionConfigurationPlatforms) = preSolution
		Debug|Any CPU = Debug|Any CPU
		Release|Any CPU = Release|Any CPU
	EndGlobalSection
	GlobalSection(ProjectConfigurationPlatforms) = postSolution
		{F0951969-BA0C-40EE-A948-68B3231BEFFB}.Debug|Any CPU.ActiveCfg = Debug|Any CPU
		{F0951969-BA0C-40EE-A948-68B3231BEFFB}.Debug|Any CPU.Build.0 = Debug|Any CPU
		{F0951969-BA0C-40EE-A948-68B3231BEFFB}.Release|Any CPU.ActiveCfg = Release|Any CPU
		{F0951969-BA0C-40EE-A948-68B3231BEFFB}.Release|Any CPU.Build.0 = Release|Any CPU
		{D354145C-4A14-4A97-807B-25BC10576B6A}.Debug|Any CPU.ActiveCfg = Debug|Any CPU
		{D354145C-4A14-4A97-807B-25BC10576B6A}.Debug|Any CPU.Build.0 = Debug|Any CPU
		{D354145C-4A14-4A97-807B-25BC10576B6A}.Release|Any CPU.ActiveCfg = Release|Any CPU
		{D354145C-4A14-4A97-807B-25BC10576B6A}.Release|Any CPU.Build.0 = Release|Any CPU
		{2FCF8AA1-098F-46EC-B8AA-0D3419D05C59}.Debug|Any CPU.ActiveCfg = Debug|Any CPU
		{2FCF8AA1-098F-46EC-B8AA-0D3419D05C59}.Debug|Any CPU.Build.0 = Debug|Any CPU
		{2FCF8AA1-098F-46EC-B8AA-0D3419D05C59}.Release|Any CPU.ActiveCfg = Release|Any CPU
		{2FCF8AA1-098F-46EC-B8AA-0D3419D05C59}.Release|Any CPU.Build.0 = Release|Any CPU
		{433709A8-ECF1-45B2-8268-B4F80A90347F}.Debug|Any CPU.ActiveCfg = Debug|Any CPU
		{433709A8-ECF1-45B2-8268-B4F80A90347F}.Debug|Any CPU.Build.0 = Debug|Any CPU
		{433709A8-ECF1-45B2-8268-B4F80A90347F}.Release|Any CPU.ActiveCfg = Release|Any CPU
		{433709A8-ECF1-45B2-8268-B4F80A90347F}.Release|Any CPU.Build.0 = Release|Any CPU
		{FD3279F6-A033-4760-BB4F-8B8CCC31061E}.Debug|Any CPU.ActiveCfg = Debug|Any CPU
		{FD3279F6-A033-4760-BB4F-8B8CCC31061E}.Debug|Any CPU.Build.0 = Debug|Any CPU
		{FD3279F6-A033-4760-BB4F-8B8CCC31061E}.Release|Any CPU.ActiveCfg = Release|Any CPU
		{FD3279F6-A033-4760-BB4F-8B8CCC31061E}.Release|Any CPU.Build.0 = Release|Any CPU
		{A57A3694-FCEA-47C4-885F-F82587CE637E}.Debug|Any CPU.ActiveCfg = Debug|Any CPU
		{A57A3694-FCEA-47C4-885F-F82587CE637E}.Debug|Any CPU.Build.0 = Debug|Any CPU
		{A57A3694-FCEA-47C4-885F-F82587CE637E}.Release|Any CPU.ActiveCfg = Release|Any CPU
		{A57A3694-FCEA-47C4-885F-F82587CE637E}.Release|Any CPU.Build.0 = Release|Any CPU
		{F9E1855D-7180-4690-AE44-12E30492F740}.Debug|Any CPU.ActiveCfg = Debug|Any CPU
		{F9E1855D-7180-4690-AE44-12E30492F740}.Debug|Any CPU.Build.0 = Debug|Any CPU
		{F9E1855D-7180-4690-AE44-12E30492F740}.Release|Any CPU.ActiveCfg = Release|Any CPU
		{F9E1855D-7180-4690-AE44-12E30492F740}.Release|Any CPU.Build.0 = Release|Any CPU
	EndGlobalSection
EndGlobal
